
Microsoft Visual Studio Solution File, Format Version 12.00
# Visual Studio Version 17
VisualStudioVersion = 17.10.35027.167
MinimumVisualStudioVersion = 10.0.40219.1
Project("{9A19103F-16F7-4668-BE54-9A1E7A4F7556}") = "MVCPeliculas", "MVCPeliculas.csproj", "{37050762-4C17-4A99-AEE6-519BA04EABFC}"
EndProject
Global
	GlobalSection(SolutionConfigurationPlatforms) = preSolution
		Debug|Any CPU = Debug|Any CPU
		Release|Any CPU = Release|Any CPU
	EndGlobalSection
	GlobalSection(ProjectConfigurationPlatforms) = postSolution
		{37050762-4C17-4A99-AEE6-519BA04EABFC}.Debug|Any CPU.ActiveCfg = Debug|Any CPU
		{37050762-4C17-4A99-AEE6-519BA04EABFC}.Debug|Any CPU.Build.0 = Debug|Any CPU
		{37050762-4C17-4A99-AEE6-519BA04EABFC}.Release|Any CPU.ActiveCfg = Release|Any CPU
		{37050762-4C17-4A99-AEE6-519BA04EABFC}.Release|Any CPU.Build.0 = Release|Any CPU
	EndGlobalSection
	GlobalSection(SolutionProperties) = preSolution
		HideSolutionNode = FALSE
	EndGlobalSection
	GlobalSection(ExtensibilityGlobals) = postSolution
		SolutionGuid = {67D45C9B-2222-4F9D-AB0A-EBE4B46B02D4}
	EndGlobalSection
EndGlobal
